# THIS IS AN AUTOGENERATED FILE. DO NOT EDIT THIS FILE DIRECTLY.
# yarn lockfile v1


"@openzeppelin/contracts@^4.8.3":
  version "4.9.2"
  resolved "https://registry.yarnpkg.com/@openzeppelin/contracts/-/contracts-4.9.2.tgz#1cb2d5e4d3360141a17dbc45094a8cad6aac16c1"
  integrity sha512-mO+y6JaqXjWeMh9glYVzVu8HYPGknAAnWyxTRhGeckOruyXQMNnlcW6w/Dx9ftLeIQk6N+ZJFuVmTwF7lEIFrg==

"@prb/math@^4.0.0":
  version "4.0.1"
  resolved "https://registry.yarnpkg.com/@prb/math/-/math-4.0.1.tgz#bc90277f4f1c085c973f502455bf12c2b3b67666"
  integrity sha512-ANTz2KMV+dMdZ57mWgDTR6jZo5uQzUczQEHCxd7CvJZZ9yafnfPhUUILHvvigIOZ85fZbTPVkC8YoRG1z5Qf7g==

base64-sol@^1.1.0:
  version "1.1.0"
  resolved "https://registry.yarnpkg.com/base64-sol/-/base64-sol-1.1.0.tgz#39c3c91a35790b6eb3b8e73114b46bacf0fc2865"
  integrity sha512-mksLxtFyBcXd3LYK5UxyMj29YR//zoaeXpJaKRbnLQC0E99oCJl7VpKaJDXWAuTvnhxBU9XNYzhxSL8umsrxWg==

erc721a@^4.2.3:
  version "4.2.3"
  resolved "https://registry.yarnpkg.com/erc721a/-/erc721a-4.2.3.tgz#ca6469b0e54afb0f614272c2147dc4cb49ff223f"
  integrity sha512-0deF0hOOK1XI1Vxv3NKDh2E9sgzRlENuOoexjXRJIRfYCsLlqi9ejl2RF6Wcd9HfH0ldqC03wleQ2WDjxoOUvA==

fs@^0.0.1-security:
  version "0.0.1-security"
  resolved "https://registry.yarnpkg.com/fs/-/fs-0.0.1-security.tgz#8a7bd37186b6dddf3813f23858b57ecaaf5e41d4"
  integrity sha512-3XY9e1pP0CVEUCdj5BmfIZxRBTSDycnbqhIOGec9QYtmVH2fbLpj86CFWkrNOkt/Fvty4KZG5lTglL9j/gJ87w==
